
Microsoft Visual Studio Solution File, Format Version 12.00
# Visual Studio 15
VisualStudioVersion = 15.0.27130.2024
MinimumVisualStudioVersion = 10.0.40219.1
Project("{2150E333-8FDC-42A3-9474-1A3956D46DE8}") = "src", "src", "{2508AE66-6FF3-4BAF-9A09-533CA2E42ACA}"
EndProject
Project("{9A19103F-16F7-4668-BE54-9A1E7A4F7556}") = "TIQRI.EMP.ApplicationCore", "TIQRI.EMP.ApplicationCore\TIQRI.EMP.ApplicationCore.csproj", "{25A55536-E153-4F8F-84B0-FE846863FD14}"
EndProject
Project("{9A19103F-16F7-4668-BE54-9A1E7A4F7556}") = "TIQRI.EMP.Infrastructure", "TIQRI.EMP.Infrastructure\TIQRI.EMP.Infrastructure.csproj", "{BF9AE1B0-9560-4448-BD02-274045B10CDA}"
EndProject
Project("{9A19103F-16F7-4668-BE54-9A1E7A4F7556}") = "TIQRI.EMP.WebAPI", "TIQRI.EMP.WebAPI\TIQRI.EMP.WebAPI.csproj", "{96B877D4-48C9-4883-946D-9E4EF3E0E45D}"
EndProject
Global
	GlobalSection(SolutionConfigurationPlatforms) = preSolution
		Debug|Any CPU = Debug|Any CPU
		Release|Any CPU = Release|Any CPU
	EndGlobalSection
	GlobalSection(ProjectConfigurationPlatforms) = postSolution
		{25A55536-E153-4F8F-84B0-FE846863FD14}.Debug|Any CPU.ActiveCfg = Debug|Any CPU
		{25A55536-E153-4F8F-84B0-FE846863FD14}.Debug|Any CPU.Build.0 = Debug|Any CPU
		{25A55536-E153-4F8F-84B0-FE846863FD14}.Release|Any CPU.ActiveCfg = Release|Any CPU
		{25A55536-E153-4F8F-84B0-FE846863FD14}.Release|Any CPU.Build.0 = Release|Any CPU
		{BF9AE1B0-9560-4448-BD02-274045B10CDA}.Debug|Any CPU.ActiveCfg = Debug|Any CPU
		{BF9AE1B0-9560-4448-BD02-274045B10CDA}.Debug|Any CPU.Build.0 = Debug|Any CPU
		{BF9AE1B0-9560-4448-BD02-274045B10CDA}.Release|Any CPU.ActiveCfg = Release|Any CPU
		{BF9AE1B0-9560-4448-BD02-274045B10CDA}.Release|Any CPU.Build.0 = Release|Any CPU
		{96B877D4-48C9-4883-946D-9E4EF3E0E45D}.Debug|Any CPU.ActiveCfg = Debug|Any CPU
		{96B877D4-48C9-4883-946D-9E4EF3E0E45D}.Debug|Any CPU.Build.0 = Debug|Any CPU
		{96B877D4-48C9-4883-946D-9E4EF3E0E45D}.Release|Any CPU.ActiveCfg = Release|Any CPU
		{96B877D4-48C9-4883-946D-9E4EF3E0E45D}.Release|Any CPU.Build.0 = Release|Any CPU
	EndGlobalSection
	GlobalSection(SolutionProperties) = preSolution
		HideSolutionNode = FALSE
	EndGlobalSection
	GlobalSection(NestedProjects) = preSolution
		{25A55536-E153-4F8F-84B0-FE846863FD14} = {2508AE66-6FF3-4BAF-9A09-533CA2E42ACA}
		{BF9AE1B0-9560-4448-BD02-274045B10CDA} = {2508AE66-6FF3-4BAF-9A09-533CA2E42ACA}
		{96B877D4-48C9-4883-946D-9E4EF3E0E45D} = {2508AE66-6FF3-4BAF-9A09-533CA2E42ACA}
	EndGlobalSection
	GlobalSection(ExtensibilityGlobals) = postSolution
		SolutionGuid = {7F2A7900-9B8D-464B-AC70-E2B64428F376}
	EndGlobalSection
EndGlobal
